
Microsoft Visual Studio Solution File, Format Version 12.00
# Visual Studio Version 16
VisualStudioVersion = 16.0.30804.86
MinimumVisualStudioVersion = 10.0.40219.1
Project("{FAE04EC0-301F-11D3-BF4B-00C04F79EFBC}") = "HospitalManagementWebApiServer", "HospitalManagementWebApiServer\HospitalManagementWebApiServer.csproj", "{28DAAB6B-865C-4B56-8111-B10B969639E9}"
EndProject
Project("{FAE04EC0-301F-11D3-BF4B-00C04F79EFBC}") = "WebClientHM", "WebClientHM\WebClientHM.csproj", "{91CE434E-47F7-4315-99F5-1170DD169AD1}"
EndProject
Global
	GlobalSection(SolutionConfigurationPlatforms) = preSolution
		Debug|Any CPU = Debug|Any CPU
		Release|Any CPU = Release|Any CPU
	EndGlobalSection
	GlobalSection(ProjectConfigurationPlatforms) = postSolution
		{28DAAB6B-865C-4B56-8111-B10B969639E9}.Debug|Any CPU.ActiveCfg = Debug|Any CPU
		{28DAAB6B-865C-4B56-8111-B10B969639E9}.Debug|Any CPU.Build.0 = Debug|Any CPU
		{28DAAB6B-865C-4B56-8111-B10B969639E9}.Release|Any CPU.ActiveCfg = Release|Any CPU
		{28DAAB6B-865C-4B56-8111-B10B969639E9}.Release|Any CPU.Build.0 = Release|Any CPU
		{91CE434E-47F7-4315-99F5-1170DD169AD1}.Debug|Any CPU.ActiveCfg = Debug|Any CPU
		{91CE434E-47F7-4315-99F5-1170DD169AD1}.Debug|Any CPU.Build.0 = Debug|Any CPU
		{91CE434E-47F7-4315-99F5-1170DD169AD1}.Release|Any CPU.ActiveCfg = Release|Any CPU
		{91CE434E-47F7-4315-99F5-1170DD169AD1}.Release|Any CPU.Build.0 = Release|Any CPU
	EndGlobalSection
	GlobalSection(SolutionProperties) = preSolution
		HideSolutionNode = FALSE
	EndGlobalSection
	GlobalSection(ExtensibilityGlobals) = postSolution
		SolutionGuid = {3E58F6B4-5FFB-41A2-9C77-1939DD61F386}
	EndGlobalSection
EndGlobal
